{
    "_readme": [
        "This file locks the dependencies of your project to a known state",
        "Read more about it at https://getcomposer.org/doc/01-basic-usage.md#installing-dependencies",
        "This file is @generated automatically"
    ],
    "content-hash": "1e0df7dc9154e54ecea5a67092ee43a3",
    "packages": [
        {
            "name": "srag/custominputguis",
            "version": "0.43.2",
            "source": {
                "type": "git",
                "url": "https://github.com/fluxapps/CustomInputGUIs.git",
                "reference": "547ac0aaf7056848aac936b965e8847deb1cf415"
            },
            "dist": {
                "type": "zip",
                "url": "https://api.github.com/repos/fluxapps/CustomInputGUIs/zipball/547ac0aaf7056848aac936b965e8847deb1cf415",
                "reference": "547ac0aaf7056848aac936b965e8847deb1cf415",
                "shasum": ""
            },
            "require": {
                "php": ">=7.2",
                "srag/dic": ">=0.1.0"
            },
            "require-dev": {
                "srag/generateplugininfoshelper": ">=0.1.0"
            },
            "type": "library",
            "extra": {
                "ilias_plugin": {
                    "ilias_min_version": "6.0",
                    "ilias_max_version": "7.999"
                }
            },
            "autoload": {
                "psr-4": {
                    "srag\\CustomInputGUIs\\OpenCast\\": "src/"
                },
                "classmap": [
                    "src/MultiSelectSearchNewInputGUI/class.ObjectChildrenAjaxAutoCompleteCtrl.php",
                    "src/MultiSelectSearchNewInputGUI/class.ObjectsAjaxAutoCompleteCtrl.php",
                    "src/MultiSelectSearchNewInputGUI/class.OrgUnitAjaxAutoCompleteCtrl.php",
                    "src/MultiSelectSearchNewInputGUI/class.UsersAjaxAutoCompleteCtrl.php"
                ]
            },
            "notification-url": "https://packagist.org/downloads/",
            "license": [
                "GPL-3.0-only"
            ],
            "authors": [
                {
                    "name": "fluxlabs",
                    "email": "support@fluxlabs.ch",
                    "homepage": "https://fluxlabs.ch",
                    "role": "Developer"
                }
            ],
            "description": "Custom Input-GUI's",
            "homepage": "https://github.com/fluxapps/CustomInputGUIs",
            "keywords": [
                "ILIAS",
                "PropertyForm",
                "gui",
                "input",
                "table"
            ],
            "time": "2021-08-31T08:50:12+00:00"
        },
        {
            "name": "srag/datatable",
            "version": "0.32.1",
            "source": {
                "type": "git",
                "url": "https://github.com/fluxapps/DataTableUI.git",
                "reference": "30d55b6070a77aac727c6538349eee80f4223623"
            },
            "dist": {
                "type": "zip",
                "url": "https://api.github.com/repos/fluxapps/DataTableUI/zipball/30d55b6070a77aac727c6538349eee80f4223623",
                "reference": "30d55b6070a77aac727c6538349eee80f4223623",
                "shasum": ""
            },
            "require": {
                "php": ">=7.2",
                "srag/custominputguis": ">=0.1.0",
                "srag/dic": ">=0.1.0",
                "srag/librarylanguageinstaller": ">=0.1.0"
            },
            "require-dev": {
                "srag/generateplugininfoshelper": ">=0.1.0"
            },
            "type": "library",
            "extra": {
                "ilias_plugin": {
                    "ilias_min_version": "6.0",
                    "ilias_max_version": "7.999"
                }
            },
            "autoload": {
                "psr-4": {
                    "srag\\DataTableUI\\OpenCast\\": "src/"
                }
            },
            "notification-url": "https://packagist.org/downloads/",
            "license": [
                "GPL-3.0-only"
            ],
            "authors": [
                {
                    "name": "fluxlabs",
                    "email": "support@fluxlabs.ch",
                    "homepage": "https://fluxlabs.ch",
                    "role": "Developer"
                }
            ],
            "description": "ILIAS Data Table UI Component",
            "homepage": "https://github.com/fluxapps/DataTableUI",
            "keywords": [
                "ILIAS",
                "table",
                "ui"
            ],
            "time": "2021-07-20T08:32:15+00:00"
        },
        {
            "name": "srag/dic",
            "version": "0.33.2",
            "source": {
                "type": "git",
                "url": "https://github.com/fluxapps/DIC.git",
                "reference": "a3b217ecba4964b7dc71ed332c503d35edfc78fe"
            },
            "dist": {
                "type": "zip",
                "url": "https://api.github.com/repos/fluxapps/DIC/zipball/a3b217ecba4964b7dc71ed332c503d35edfc78fe",
                "reference": "a3b217ecba4964b7dc71ed332c503d35edfc78fe",
                "shasum": ""
            },
            "require": {
                "php": ">=7.2"
            },
            "require-dev": {
                "srag/generateplugininfoshelper": ">=0.1.0"
            },
            "type": "library",
            "extra": {
                "ilias_plugin": {
                    "ilias_min_version": "6.0",
                    "ilias_max_version": "7.999"
                }
            },
            "autoload": {
                "psr-4": {
                    "srag\\DIC\\OpenCast\\": "src/"
                }
            },
            "notification-url": "https://packagist.org/downloads/",
            "license": [
                "GPL-3.0-only"
            ],
            "authors": [
                {
                    "name": "fluxlabs",
                    "email": "support@fluxlabs.ch",
                    "homepage": "https://fluxlabs.ch",
                    "role": "Developer"
                }
            ],
            "description": "Use all ILIAS globals in your class",
            "homepage": "https://github.com/fluxapps/DIC",
            "keywords": [
                "ILIAS",
                "dic",
                "globals",
                "trait"
            ],
            "time": "2021-07-20T11:49:07+00:00"
        },
        {
            "name": "srag/librariesnamespacechanger",
            "version": "0.16.1",
            "source": {
                "type": "git",
                "url": "https://github.com/fluxapps/LibrariesNamespaceChanger.git",
                "reference": "186c543c88544ecf3907767e1645d4faf37dede0"
            },
            "dist": {
                "type": "zip",
                "url": "https://api.github.com/repos/fluxapps/LibrariesNamespaceChanger/zipball/186c543c88544ecf3907767e1645d4faf37dede0",
                "reference": "186c543c88544ecf3907767e1645d4faf37dede0",
                "shasum": ""
            },
            "require": {
                "php": ">=7.2"
            },
            "require-dev": {
                "srag/generateplugininfoshelper": ">=0.1.0"
            },
            "type": "library",
            "autoload": {
                "psr-4": {
                    "srag\\LibrariesNamespaceChanger\\": "src/"
                }
            },
            "notification-url": "https://packagist.org/downloads/",
            "license": [
                "GPL-3.0-only"
            ],
            "authors": [
                {
                    "name": "fluxlabs",
                    "email": "support@fluxlabs.ch",
                    "homepage": "https://fluxlabs.ch",
                    "role": "Developer"
                }
            ],
            "description": "Change namespace of libraries to plugin namespace",
            "homepage": "https://github.com/fluxapps/LibrariesNamespaceChanger",
            "keywords": [
                "changer",
                "libraries",
                "namespace"
            ],
            "time": "2021-07-20T08:31:26+00:00"
        },
        {
            "name": "srag/librarylanguageinstaller",
            "version": "1.2.1",
            "source": {
                "type": "git",
                "url": "https://github.com/fluxapps/LibraryLanguageInstaller.git",
                "reference": "7c0e146d92f66368e9c756bc89e257fc60ea3e59"
            },
            "dist": {
                "type": "zip",
                "url": "https://api.github.com/repos/fluxapps/LibraryLanguageInstaller/zipball/7c0e146d92f66368e9c756bc89e257fc60ea3e59",
                "reference": "7c0e146d92f66368e9c756bc89e257fc60ea3e59",
                "shasum": ""
            },
            "require": {
                "php": ">=7.2",
                "srag/dic": ">=0.1.0"
            },
            "require-dev": {
                "srag/generateplugininfoshelper": ">=0.1.0"
            },
            "type": "library",
            "extra": {
                "ilias_plugin": {
                    "ilias_min_version": "6.0",
                    "ilias_max_version": "7.999"
                }
            },
            "autoload": {
                "psr-4": {
                    "srag\\LibraryLanguageInstaller\\OpenCast\\": "src/"
                }
            },
            "notification-url": "https://packagist.org/downloads/",
            "license": [
                "GPL-3.0-only"
            ],
            "authors": [
                {
                    "name": "fluxlabs",
                    "email": "support@fluxlabs.ch",
                    "homepage": "https://fluxlabs.ch",
                    "role": "Developer"
                }
            ],
            "description": "Install additional and external lang files for a plugin",
            "homepage": "https://github.com/fluxapps/LibraryLanguageInstaller",
            "keywords": [
                "ILIAS",
                "installer",
                "language",
                "library"
            ],
            "time": "2021-07-20T08:31:18+00:00"
        }
    ],
    "packages-dev": [],
    "aliases": [],
    "minimum-stability": "beta",
    "stability-flags": [],
    "prefer-stable": true,
    "prefer-lowest": false,
    "platform": {
        "php": ">=7.0"
    },
    "platform-dev": [],
    "plugin-api-version": "1.1.0"
}
