{
  "name": "srag.plugins.opencast",
  "requires": true,
  "lockfileVersion": 1,
  "dependencies": {
    "paellaplayer": {
      "version": "6.0.3",
      "resolved": "https://registry.npmjs.org/paellaplayer/-/paellaplayer-6.0.3.tgz",
      "integrity": "sha512-grrBzM7kfDXQAcRiOeN4ul8EzQKbV8idDNnm4oP9DTFOsGTDzGTM+2CSB5g7lS+xgJ5+RHByTPdqRWJPkzWoFA=="
    }
  }
}
